// !$*UTF8*$!
{
	archiveVersion = 1;
	classes = {
	};
	objectVersion = 56;
	objects = {

/* Begin PBXBuildFile section */
		F1843B602C1BDFA400F4EE9D /* adjvApp.swift in Sources */ = {isa = PBXBuildFile; fileRef = F1843B5F2C1BDFA400F4EE9D /* adjvApp.swift */; };
		F1843B622C1BDFA400F4EE9D /* ContentView.swift in Sources */ = {isa = PBXBuildFile; fileRef = F1843B612C1BDFA400F4EE9D /* ContentView.swift */; };
		F1843B642C1BDFA600F4EE9D /* Assets.xcassets in Resources */ = {isa = PBXBuildFile; fileRef = F1843B632C1BDFA600F4EE9D /* Assets.xcassets */; };
		F1843B672C1BDFA600F4EE9D /* Preview Assets.xcassets in Resources */ = {isa = PBXBuildFile; fileRef = F1843B662C1BDFA600F4EE9D /* Preview Assets.xcassets */; };
		F1843B722C1C16D900F4EE9D /* TCPClient.swift in Sources */ = {isa = PBXBuildFile; fileRef = F1843B712C1C16D900F4EE9D /* TCPClient.swift */; };
		F1843B742C1C96AE00F4EE9D /* H264Unit.swift in Sources */ = {isa = PBXBuildFile; fileRef = F1843B732C1C96AE00F4EE9D /* H264Unit.swift */; };
		F1843B762C1C992500F4EE9D /* H264Parser.swift in Sources */ = {isa = PBXBuildFile; fileRef = F1843B752C1C992500F4EE9D /* H264Parser.swift */; };
		F1843B782C1CB3AB00F4EE9D /* H264Converter.swift in Sources */ = {isa = PBXBuildFile; fileRef = F1843B772C1CB3AB00F4EE9D /* H264Converter.swift */; };
		F1843B7A2C1CB5CD00F4EE9D /* H264StreamClient.swift in Sources */ = {isa = PBXBuildFile; fileRef = F1843B792C1CB5CD00F4EE9D /* H264StreamClient.swift */; };
		F1843B7C2C1CB84A00F4EE9D /* StreamView.swift in Sources */ = {isa = PBXBuildFile; fileRef = F1843B7B2C1CB84A00F4EE9D /* StreamView.swift */; };
/* End PBXBuildFile section */

/* Begin PBXFileReference section */
		F1843B5C2C1BDFA400F4EE9D /* adjv.app */ = {isa = PBXFileReference; explicitFileType = wrapper.application; includeInIndex = 0; path = adjv.app; sourceTree = BUILT_PRODUCTS_DIR; };
		F1843B5F2C1BDFA400F4EE9D /* adjvApp.swift */ = {isa = PBXFileReference; lastKnownFileType = sourcecode.swift; path = adjvApp.swift; sourceTree = "<group>"; };
		F1843B612C1BDFA400F4EE9D /* ContentView.swift */ = {isa = PBXFileReference; lastKnownFileType = sourcecode.swift; path = ContentView.swift; sourceTree = "<group>"; };
		F1843B632C1BDFA600F4EE9D /* Assets.xcassets */ = {isa = PBXFileReference; lastKnownFileType = folder.assetcatalog; path = Assets.xcassets; sourceTree = "<group>"; };
		F1843B662C1BDFA600F4EE9D /* Preview Assets.xcassets */ = {isa = PBXFileReference; lastKnownFileType = folder.assetcatalog; path = "Preview Assets.xcassets"; sourceTree = "<group>"; };
		F1843B712C1C16D900F4EE9D /* TCPClient.swift */ = {isa = PBXFileReference; lastKnownFileType = sourcecode.swift; path = TCPClient.swift; sourceTree = "<group>"; };
		F1843B732C1C96AE00F4EE9D /* H264Unit.swift */ = {isa = PBXFileReference; lastKnownFileType = sourcecode.swift; path = H264Unit.swift; sourceTree = "<group>"; };
		F1843B752C1C992500F4EE9D /* H264Parser.swift */ = {isa = PBXFileReference; lastKnownFileType = sourcecode.swift; path = H264Parser.swift; sourceTree = "<group>"; };
		F1843B772C1CB3AB00F4EE9D /* H264Converter.swift */ = {isa = PBXFileReference; lastKnownFileType = sourcecode.swift; path = H264Converter.swift; sourceTree = "<group>"; };
		F1843B792C1CB5CD00F4EE9D /* H264StreamClient.swift */ = {isa = PBXFileReference; lastKnownFileType = sourcecode.swift; path = H264StreamClient.swift; sourceTree = "<group>"; };
		F1843B7B2C1CB84A00F4EE9D /* StreamView.swift */ = {isa = PBXFileReference; lastKnownFileType = sourcecode.swift; path = StreamView.swift; sourceTree = "<group>"; };
/* End PBXFileReference section */

/* Begin PBXFrameworksBuildPhase section */
		F1843B592C1BDFA400F4EE9D /* Frameworks */ = {
			isa = PBXFrameworksBuildPhase;
			buildActionMask = 2147483647;
			files = (
			);
			runOnlyForDeploymentPostprocessing = 0;
		};
/* End PBXFrameworksBuildPhase section */

/* Begin PBXGroup section */
		F13B6FEB2C1E1D8100DEFBEA /* Models */ = {
			isa = PBXGroup;
			children = (
				F1843B732C1C96AE00F4EE9D /* H264Unit.swift */,
			);
			path = Models;
			sourceTree = "<group>";
		};
		F13B6FEC2C1E1DA100DEFBEA /* Views */ = {
			isa = PBXGroup;
			children = (
				F1843B612C1BDFA400F4EE9D /* ContentView.swift */,
				F1843B7B2C1CB84A00F4EE9D /* StreamView.swift */,
			);
			path = Views;
			sourceTree = "<group>";
		};
		F13B6FED2C1E1DAD00DEFBEA /* Client */ = {
			isa = PBXGroup;
			children = (
				F1843B712C1C16D900F4EE9D /* TCPClient.swift */,
				F1843B752C1C992500F4EE9D /* H264Parser.swift */,
				F1843B772C1CB3AB00F4EE9D /* H264Converter.swift */,
				F1843B792C1CB5CD00F4EE9D /* H264StreamClient.swift */,
			);
			path = Client;
			sourceTree = "<group>";
		};
		F1843B532C1BDFA400F4EE9D = {
			isa = PBXGroup;
			children = (
				F1843B5E2C1BDFA400F4EE9D /* adjv */,
				F1843B5D2C1BDFA400F4EE9D /* Products */,
			);
			sourceTree = "<group>";
		};
		F1843B5D2C1BDFA400F4EE9D /* Products */ = {
			isa = PBXGroup;
			children = (
				F1843B5C2C1BDFA400F4EE9D /* adjv.app */,
			);
			name = Products;
			sourceTree = "<group>";
		};
		F1843B5E2C1BDFA400F4EE9D /* adjv */ = {
			isa = PBXGroup;
			children = (
				F13B6FED2C1E1DAD00DEFBEA /* Client */,
				F13B6FEC2C1E1DA100DEFBEA /* Views */,
				F13B6FEB2C1E1D8100DEFBEA /* Models */,
				F1843B5F2C1BDFA400F4EE9D /* adjvApp.swift */,
				F1843B632C1BDFA600F4EE9D /* Assets.xcassets */,
				F1843B652C1BDFA600F4EE9D /* Preview Content */,
			);
			path = adjv;
			sourceTree = "<group>";
		};
		F1843B652C1BDFA600F4EE9D /* Preview Content */ = {
			isa = PBXGroup;
			children = (
				F1843B662C1BDFA600F4EE9D /* Preview Assets.xcassets */,
			);
			path = "Preview Content";
			sourceTree = "<group>";
		};
/* End PBXGroup section */

/* Begin PBXNativeTarget section */
		F1843B5B2C1BDFA400F4EE9D /* adjv */ = {
			isa = PBXNativeTarget;
			buildConfigurationList = F1843B6A2C1BDFA600F4EE9D /* Build configuration list for PBXNativeTarget "adjv" */;
			buildPhases = (
				F1843B582C1BDFA400F4EE9D /* Sources */,
				F1843B592C1BDFA400F4EE9D /* Frameworks */,
				F1843B5A2C1BDFA400F4EE9D /* Resources */,
			);
			buildRules = (
			);
			dependencies = (
			);
			name = adjv;
			productName = adjv;
			productReference = F1843B5C2C1BDFA400F4EE9D /* adjv.app */;
			productType = "com.apple.product-type.application";
		};
/* End PBXNativeTarget section */

/* Begin PBXProject section */
		F1843B542C1BDFA400F4EE9D /* Project object */ = {
			isa = PBXProject;
			attributes = {
				BuildIndependentTargetsInParallel = 1;
				LastSwiftUpdateCheck = 1540;
				LastUpgradeCheck = 1540;
				TargetAttributes = {
					F1843B5B2C1BDFA400F4EE9D = {
						CreatedOnToolsVersion = 15.4;
					};
				};
			};
			buildConfigurationList = F1843B572C1BDFA400F4EE9D /* Build configuration list for PBXProject "adjv" */;
			compatibilityVersion = "Xcode 14.0";
			developmentRegion = en;
			hasScannedForEncodings = 0;
			knownRegions = (
				en,
				Base,
			);
			mainGroup = F1843B532C1BDFA400F4EE9D;
			productRefGroup = F1843B5D2C1BDFA400F4EE9D /* Products */;
			projectDirPath = "";
			projectRoot = "";
			targets = (
				F1843B5B2C1BDFA400F4EE9D /* adjv */,
			);
		};
/* End PBXProject section */

/* Begin PBXResourcesBuildPhase section */
		F1843B5A2C1BDFA400F4EE9D /* Resources */ = {
			isa = PBXResourcesBuildPhase;
			buildActionMask = 2147483647;
			files = (
				F1843B672C1BDFA600F4EE9D /* Preview Assets.xcassets in Resources */,
				F1843B642C1BDFA600F4EE9D /* Assets.xcassets in Resources */,
			);
			runOnlyForDeploymentPostprocessing = 0;
		};
/* End PBXResourcesBuildPhase section */

/* Begin PBXSourcesBuildPhase section */
		F1843B582C1BDFA400F4EE9D /* Sources */ = {
			isa = PBXSourcesBuildPhase;
			buildActionMask = 2147483647;
			files = (
				F1843B722C1C16D900F4EE9D /* TCPClient.swift in Sources */,
				F1843B742C1C96AE00F4EE9D /* H264Unit.swift in Sources */,
				F1843B7C2C1CB84A00F4EE9D /* StreamView.swift in Sources */,
				F1843B622C1BDFA400F4EE9D /* ContentView.swift in Sources */,
				F1843B762C1C992500F4EE9D /* H264Parser.swift in Sources */,
				F1843B782C1CB3AB00F4EE9D /* H264Converter.swift in Sources */,
				F1843B7A2C1CB5CD00F4EE9D /* H264StreamClient.swift in Sources */,
				F1843B602C1BDFA400F4EE9D /* adjvApp.swift in Sources */,
			);
			runOnlyForDeploymentPostprocessing = 0;
		};
/* End PBXSourcesBuildPhase section */

/* Begin XCBuildConfiguration section */
		F1843B682C1BDFA600F4EE9D /* Debug */ = {
			isa = XCBuildConfiguration;
			buildSettings = {
				ALWAYS_SEARCH_USER_PATHS = NO;
				ASSETCATALOG_COMPILER_GENERATE_SWIFT_ASSET_SYMBOL_EXTENSIONS = YES;
				CLANG_ANALYZER_NONNULL = YES;
				CLANG_ANALYZER_NUMBER_OBJECT_CONVERSION = YES_AGGRESSIVE;
				CLANG_CXX_LANGUAGE_STANDARD = "gnu++20";
				CLANG_ENABLE_MODULES = YES;
				CLANG_ENABLE_OBJC_ARC = YES;
				CLANG_ENABLE_OBJC_WEAK = YES;
				CLANG_WARN_BLOCK_CAPTURE_AUTORELEASING = YES;
				CLANG_WARN_BOOL_CONVERSION = YES;
				CLANG_WARN_COMMA = YES;
				CLANG_WARN_CONSTANT_CONVERSION = YES;
				CLANG_WARN_DEPRECATED_OBJC_IMPLEMENTATIONS = YES;
				CLANG_WARN_DIRECT_OBJC_ISA_USAGE = YES_ERROR;
				CLANG_WARN_DOCUMENTATION_COMMENTS = YES;
				CLANG_WARN_EMPTY_BODY = YES;
				CLANG_WARN_ENUM_CONVERSION = YES;
				CLANG_WARN_INFINITE_RECURSION = YES;
				CLANG_WARN_INT_CONVERSION = YES;
				CLANG_WARN_NON_LITERAL_NULL_CONVERSION = YES;
				CLANG_WARN_OBJC_IMPLICIT_RETAIN_SELF = YES;
				CLANG_WARN_OBJC_LITERAL_CONVERSION = YES;
				CLANG_WARN_OBJC_ROOT_CLASS = YES_ERROR;
				CLANG_WARN_QUOTED_INCLUDE_IN_FRAMEWORK_HEADER = YES;
				CLANG_WARN_RANGE_LOOP_ANALYSIS = YES;
				CLANG_WARN_STRICT_PROTOTYPES = YES;
				CLANG_WARN_SUSPICIOUS_MOVE = YES;
				CLANG_WARN_UNGUARDED_AVAILABILITY = YES_AGGRESSIVE;
				CLANG_WARN_UNREACHABLE_CODE = YES;
				CLANG_WARN__DUPLICATE_METHOD_MATCH = YES;
				COPY_PHASE_STRIP = NO;
				DEBUG_INFORMATION_FORMAT = dwarf;
				ENABLE_STRICT_OBJC_MSGSEND = YES;
				ENABLE_TESTABILITY = YES;
				ENABLE_USER_SCRIPT_SANDBOXING = YES;
				GCC_C_LANGUAGE_STANDARD = gnu17;
				GCC_DYNAMIC_NO_PIC = NO;
				GCC_NO_COMMON_BLOCKS = YES;
				GCC_OPTIMIZATION_LEVEL = 0;
				GCC_PREPROCESSOR_DEFINITIONS = (
					"DEBUG=1",
					"$(inherited)",
				);
				GCC_WARN_64_TO_32_BIT_CONVERSION = YES;
				GCC_WARN_ABOUT_RETURN_TYPE = YES_ERROR;
				GCC_WARN_UNDECLARED_SELECTOR = YES;
				GCC_WARN_UNINITIALIZED_AUTOS = YES_AGGRESSIVE;
				GCC_WARN_UNUSED_FUNCTION = YES;
				GCC_WARN_UNUSED_VARIABLE = YES;
				IPHONEOS_DEPLOYMENT_TARGET = 17.5;
				LOCALIZATION_PREFERS_STRING_CATALOGS = YES;
				MTL_ENABLE_DEBUG_INFO = INCLUDE_SOURCE;
				MTL_FAST_MATH = YES;
				ONLY_ACTIVE_ARCH = YES;
				SDKROOT = iphoneos;
				SWIFT_ACTIVE_COMPILATION_CONDITIONS = "DEBUG $(inherited)";
				SWIFT_OPTIMIZATION_LEVEL = "-Onone";
			};
			name = Debug;
		};
		F1843B692C1BDFA600F4EE9D /* Release */ = {
			isa = XCBuildConfiguration;
			buildSettings = {
				ALWAYS_SEARCH_USER_PATHS = NO;
				ASSETCATALOG_COMPILER_GENERATE_SWIFT_ASSET_SYMBOL_EXTENSIONS = YES;
				CLANG_ANALYZER_NONNULL = YES;
				CLANG_ANALYZER_NUMBER_OBJECT_CONVERSION = YES_AGGRESSIVE;
				CLANG_CXX_LANGUAGE_STANDARD = "gnu++20";
				CLANG_ENABLE_MODULES = YES;
				CLANG_ENABLE_OBJC_ARC = YES;
				CLANG_ENABLE_OBJC_WEAK = YES;
				CLANG_WARN_BLOCK_CAPTURE_AUTORELEASING = YES;
				CLANG_WARN_BOOL_CONVERSION = YES;
				CLANG_WARN_COMMA = YES;
				CLANG_WARN_CONSTANT_CONVERSION = YES;
				CLANG_WARN_DEPRECATED_OBJC_IMPLEMENTATIONS = YES;
				CLANG_WARN_DIRECT_OBJC_ISA_USAGE = YES_ERROR;
				CLANG_WARN_DOCUMENTATION_COMMENTS = YES;
				CLANG_WARN_EMPTY_BODY = YES;
				CLANG_WARN_ENUM_CONVERSION = YES;
				CLANG_WARN_INFINITE_RECURSION = YES;
				CLANG_WARN_INT_CONVERSION = YES;
				CLANG_WARN_NON_LITERAL_NULL_CONVERSION = YES;
				CLANG_WARN_OBJC_IMPLICIT_RETAIN_SELF = YES;
				CLANG_WARN_OBJC_LITERAL_CONVERSION = YES;
				CLANG_WARN_OBJC_ROOT_CLASS = YES_ERROR;
				CLANG_WARN_QUOTED_INCLUDE_IN_FRAMEWORK_HEADER = YES;
				CLANG_WARN_RANGE_LOOP_ANALYSIS = YES;
				CLANG_WARN_STRICT_PROTOTYPES = YES;
				CLANG_WARN_SUSPICIOUS_MOVE = YES;
				CLANG_WARN_UNGUARDED_AVAILABILITY = YES_AGGRESSIVE;
				CLANG_WARN_UNREACHABLE_CODE = YES;
				CLANG_WARN__DUPLICATE_METHOD_MATCH = YES;
				COPY_PHASE_STRIP = NO;
				DEBUG_INFORMATION_FORMAT = "dwarf-with-dsym";
				ENABLE_NS_ASSERTIONS = NO;
				ENABLE_STRICT_OBJC_MSGSEND = YES;
				ENABLE_USER_SCRIPT_SANDBOXING = YES;
				GCC_C_LANGUAGE_STANDARD = gnu17;
				GCC_NO_COMMON_BLOCKS = YES;
				GCC_WARN_64_TO_32_BIT_CONVERSION = YES;
				GCC_WARN_ABOUT_RETURN_TYPE = YES_ERROR;
				GCC_WARN_UNDECLARED_SELECTOR = YES;
				GCC_WARN_UNINITIALIZED_AUTOS = YES_AGGRESSIVE;
				GCC_WARN_UNUSED_FUNCTION = YES;
				GCC_WARN_UNUSED_VARIABLE = YES;
				IPHONEOS_DEPLOYMENT_TARGET = 17.5;
				LOCALIZATION_PREFERS_STRING_CATALOGS = YES;
				MTL_ENABLE_DEBUG_INFO = NO;
				MTL_FAST_MATH = YES;
				SDKROOT = iphoneos;
				SWIFT_COMPILATION_MODE = wholemodule;
				VALIDATE_PRODUCT = YES;
			};
			name = Release;
		};
		F1843B6B2C1BDFA600F4EE9D /* Debug */ = {
			isa = XCBuildConfiguration;
			buildSettings = {
				ASSETCATALOG_COMPILER_APPICON_NAME = AppIcon;
				ASSETCATALOG_COMPILER_GLOBAL_ACCENT_COLOR_NAME = AccentColor;
				CODE_SIGN_STYLE = Automatic;
				CURRENT_PROJECT_VERSION = 1;
				DEVELOPMENT_ASSET_PATHS = "\"adjv/Preview Content\"";
				DEVELOPMENT_TEAM = YB4ZN68TN8;
				ENABLE_PREVIEWS = YES;
				GENERATE_INFOPLIST_FILE = YES;
				INFOPLIST_KEY_UIApplicationSceneManifest_Generation = YES;
				INFOPLIST_KEY_UIApplicationSupportsIndirectInputEvents = YES;
				INFOPLIST_KEY_UILaunchScreen_Generation = YES;
				INFOPLIST_KEY_UISupportedInterfaceOrientations_iPad = "UIInterfaceOrientationPortrait UIInterfaceOrientationPortraitUpsideDown UIInterfaceOrientationLandscapeLeft UIInterfaceOrientationLandscapeRight";
				INFOPLIST_KEY_UISupportedInterfaceOrientations_iPhone = "UIInterfaceOrientationPortrait UIInterfaceOrientationLandscapeLeft UIInterfaceOrientationLandscapeRight";
				LD_RUNPATH_SEARCH_PATHS = (
					"$(inherited)",
					"@executable_path/Frameworks",
				);
				MARKETING_VERSION = 1.0;
				PRODUCT_BUNDLE_IDENTIFIER = raybbian.adjv;
				PRODUCT_NAME = "$(TARGET_NAME)";
				SWIFT_EMIT_LOC_STRINGS = YES;
				SWIFT_VERSION = 5.0;
				TARGETED_DEVICE_FAMILY = "1,2";
			};
			name = Debug;
		};
		F1843B6C2C1BDFA600F4EE9D /* Release */ = {
			isa = XCBuildConfiguration;
			buildSettings = {
				ASSETCATALOG_COMPILER_APPICON_NAME = AppIcon;
				ASSETCATALOG_COMPILER_GLOBAL_ACCENT_COLOR_NAME = AccentColor;
				CODE_SIGN_STYLE = Automatic;
				CURRENT_PROJECT_VERSION = 1;
				DEVELOPMENT_ASSET_PATHS = "\"adjv/Preview Content\"";
				DEVELOPMENT_TEAM = YB4ZN68TN8;
				ENABLE_PREVIEWS = YES;
				GENERATE_INFOPLIST_FILE = YES;
				INFOPLIST_KEY_UIApplicationSceneManifest_Generation = YES;
				INFOPLIST_KEY_UIApplicationSupportsIndirectInputEvents = YES;
				INFOPLIST_KEY_UILaunchScreen_Generation = YES;
				INFOPLIST_KEY_UISupportedInterfaceOrientations_iPad = "UIInterfaceOrientationPortrait UIInterfaceOrientationPortraitUpsideDown UIInterfaceOrientationLandscapeLeft UIInterfaceOrientationLandscapeRight";
				INFOPLIST_KEY_UISupportedInterfaceOrientations_iPhone = "UIInterfaceOrientationPortrait UIInterfaceOrientationLandscapeLeft UIInterfaceOrientationLandscapeRight";
				LD_RUNPATH_SEARCH_PATHS = (
					"$(inherited)",
					"@executable_path/Frameworks",
				);
				MARKETING_VERSION = 1.0;
				PRODUCT_BUNDLE_IDENTIFIER = raybbian.adjv;
				PRODUCT_NAME = "$(TARGET_NAME)";
				SWIFT_EMIT_LOC_STRINGS = YES;
				SWIFT_VERSION = 5.0;
				TARGETED_DEVICE_FAMILY = "1,2";
			};
			name = Release;
		};
/* End XCBuildConfiguration section */

/* Begin XCConfigurationList section */
		F1843B572C1BDFA400F4EE9D /* Build configuration list for PBXProject "adjv" */ = {
			isa = XCConfigurationList;
			buildConfigurations = (
				F1843B682C1BDFA600F4EE9D /* Debug */,
				F1843B692C1BDFA600F4EE9D /* Release */,
			);
			defaultConfigurationIsVisible = 0;
			defaultConfigurationName = Release;
		};
		F1843B6A2C1BDFA600F4EE9D /* Build configuration list for PBXNativeTarget "adjv" */ = {
			isa = XCConfigurationList;
			buildConfigurations = (
				F1843B6B2C1BDFA600F4EE9D /* Debug */,
				F1843B6C2C1BDFA600F4EE9D /* Release */,
			);
			defaultConfigurationIsVisible = 0;
			defaultConfigurationName = Release;
		};
/* End XCConfigurationList section */
	};
	rootObject = F1843B542C1BDFA400F4EE9D /* Project object */;
}
