// !$*UTF8*$!
{
	archiveVersion = 1;
	classes = {
	};
	objectVersion = 56;
	objects = {

/* Begin PBXBuildFile section */
		F13B6FFB2C1F67BA00DEFBEA /* adjv_nativeApp.swift in Sources */ = {isa = PBXBuildFile; fileRef = F13B6FFA2C1F67BA00DEFBEA /* adjv_nativeApp.swift */; };
		F13B6FFD2C1F67BA00DEFBEA /* ContentView.swift in Sources */ = {isa = PBXBuildFile; fileRef = F13B6FFC2C1F67BA00DEFBEA /* ContentView.swift */; };
		F13B6FFF2C1F67BC00DEFBEA /* Assets.xcassets in Resources */ = {isa = PBXBuildFile; fileRef = F13B6FFE2C1F67BC00DEFBEA /* Assets.xcassets */; };
		F13B70022C1F67BC00DEFBEA /* Preview Assets.xcassets in Resources */ = {isa = PBXBuildFile; fileRef = F13B70012C1F67BC00DEFBEA /* Preview Assets.xcassets */; };
		F13B700A2C1F683E00DEFBEA /* NetworkListener.swift in Sources */ = {isa = PBXBuildFile; fileRef = F13B70092C1F683E00DEFBEA /* NetworkListener.swift */; };
		F13B700F2C1FC0A900DEFBEA /* TextureGenerator.swift in Sources */ = {isa = PBXBuildFile; fileRef = F13B700E2C1FC0A900DEFBEA /* TextureGenerator.swift */; };
		F13B70152C1FF35D00DEFBEA /* StreamShader.metal in Sources */ = {isa = PBXBuildFile; fileRef = F13B70142C1FF35D00DEFBEA /* StreamShader.metal */; };
		F13B70172C1FF4C000DEFBEA /* StreamView.swift in Sources */ = {isa = PBXBuildFile; fileRef = F13B70162C1FF4C000DEFBEA /* StreamView.swift */; };
/* End PBXBuildFile section */

/* Begin PBXFileReference section */
		F13B6FF72C1F67BA00DEFBEA /* adjv-native.app */ = {isa = PBXFileReference; explicitFileType = wrapper.application; includeInIndex = 0; path = "adjv-native.app"; sourceTree = BUILT_PRODUCTS_DIR; };
		F13B6FFA2C1F67BA00DEFBEA /* adjv_nativeApp.swift */ = {isa = PBXFileReference; lastKnownFileType = sourcecode.swift; path = adjv_nativeApp.swift; sourceTree = "<group>"; };
		F13B6FFC2C1F67BA00DEFBEA /* ContentView.swift */ = {isa = PBXFileReference; lastKnownFileType = sourcecode.swift; path = ContentView.swift; sourceTree = "<group>"; };
		F13B6FFE2C1F67BC00DEFBEA /* Assets.xcassets */ = {isa = PBXFileReference; lastKnownFileType = folder.assetcatalog; path = Assets.xcassets; sourceTree = "<group>"; };
		F13B70012C1F67BC00DEFBEA /* Preview Assets.xcassets */ = {isa = PBXFileReference; lastKnownFileType = folder.assetcatalog; path = "Preview Assets.xcassets"; sourceTree = "<group>"; };
		F13B70092C1F683E00DEFBEA /* NetworkListener.swift */ = {isa = PBXFileReference; fileEncoding = 4; lastKnownFileType = sourcecode.swift; path = NetworkListener.swift; sourceTree = "<group>"; };
		F13B700E2C1FC0A900DEFBEA /* TextureGenerator.swift */ = {isa = PBXFileReference; lastKnownFileType = sourcecode.swift; path = TextureGenerator.swift; sourceTree = "<group>"; };
		F13B70142C1FF35D00DEFBEA /* StreamShader.metal */ = {isa = PBXFileReference; lastKnownFileType = sourcecode.metal; path = StreamShader.metal; sourceTree = "<group>"; };
		F13B70162C1FF4C000DEFBEA /* StreamView.swift */ = {isa = PBXFileReference; lastKnownFileType = sourcecode.swift; path = StreamView.swift; sourceTree = "<group>"; };
/* End PBXFileReference section */

/* Begin PBXFrameworksBuildPhase section */
		F13B6FF42C1F67BA00DEFBEA /* Frameworks */ = {
			isa = PBXFrameworksBuildPhase;
			buildActionMask = 2147483647;
			files = (
			);
			runOnlyForDeploymentPostprocessing = 0;
		};
/* End PBXFrameworksBuildPhase section */

/* Begin PBXGroup section */
		F13B6FEE2C1F67BA00DEFBEA = {
			isa = PBXGroup;
			children = (
				F13B6FF92C1F67BA00DEFBEA /* adjv-native */,
				F13B6FF82C1F67BA00DEFBEA /* Products */,
			);
			sourceTree = "<group>";
		};
		F13B6FF82C1F67BA00DEFBEA /* Products */ = {
			isa = PBXGroup;
			children = (
				F13B6FF72C1F67BA00DEFBEA /* adjv-native.app */,
			);
			name = Products;
			sourceTree = "<group>";
		};
		F13B6FF92C1F67BA00DEFBEA /* adjv-native */ = {
			isa = PBXGroup;
			children = (
				F13B700B2C1FBE4700DEFBEA /* Views */,
				F13B70082C1F681700DEFBEA /* Client */,
				F13B6FFA2C1F67BA00DEFBEA /* adjv_nativeApp.swift */,
				F13B6FFE2C1F67BC00DEFBEA /* Assets.xcassets */,
				F13B70002C1F67BC00DEFBEA /* Preview Content */,
			);
			path = "adjv-native";
			sourceTree = "<group>";
		};
		F13B70002C1F67BC00DEFBEA /* Preview Content */ = {
			isa = PBXGroup;
			children = (
				F13B70012C1F67BC00DEFBEA /* Preview Assets.xcassets */,
			);
			path = "Preview Content";
			sourceTree = "<group>";
		};
		F13B70082C1F681700DEFBEA /* Client */ = {
			isa = PBXGroup;
			children = (
				F13B70092C1F683E00DEFBEA /* NetworkListener.swift */,
				F13B700E2C1FC0A900DEFBEA /* TextureGenerator.swift */,
				F13B70142C1FF35D00DEFBEA /* StreamShader.metal */,
			);
			path = Client;
			sourceTree = "<group>";
		};
		F13B700B2C1FBE4700DEFBEA /* Views */ = {
			isa = PBXGroup;
			children = (
				F13B6FFC2C1F67BA00DEFBEA /* ContentView.swift */,
				F13B70162C1FF4C000DEFBEA /* StreamView.swift */,
			);
			path = Views;
			sourceTree = "<group>";
		};
/* End PBXGroup section */

/* Begin PBXNativeTarget section */
		F13B6FF62C1F67BA00DEFBEA /* adjv-native */ = {
			isa = PBXNativeTarget;
			buildConfigurationList = F13B70052C1F67BC00DEFBEA /* Build configuration list for PBXNativeTarget "adjv-native" */;
			buildPhases = (
				F13B6FF32C1F67BA00DEFBEA /* Sources */,
				F13B6FF42C1F67BA00DEFBEA /* Frameworks */,
				F13B6FF52C1F67BA00DEFBEA /* Resources */,
			);
			buildRules = (
			);
			dependencies = (
			);
			name = "adjv-native";
			productName = "adjv-native";
			productReference = F13B6FF72C1F67BA00DEFBEA /* adjv-native.app */;
			productType = "com.apple.product-type.application";
		};
/* End PBXNativeTarget section */

/* Begin PBXProject section */
		F13B6FEF2C1F67BA00DEFBEA /* Project object */ = {
			isa = PBXProject;
			attributes = {
				BuildIndependentTargetsInParallel = 1;
				LastSwiftUpdateCheck = 1540;
				LastUpgradeCheck = 1540;
				TargetAttributes = {
					F13B6FF62C1F67BA00DEFBEA = {
						CreatedOnToolsVersion = 15.4;
					};
				};
			};
			buildConfigurationList = F13B6FF22C1F67BA00DEFBEA /* Build configuration list for PBXProject "adjv-native" */;
			compatibilityVersion = "Xcode 14.0";
			developmentRegion = en;
			hasScannedForEncodings = 0;
			knownRegions = (
				en,
				Base,
			);
			mainGroup = F13B6FEE2C1F67BA00DEFBEA;
			productRefGroup = F13B6FF82C1F67BA00DEFBEA /* Products */;
			projectDirPath = "";
			projectRoot = "";
			targets = (
				F13B6FF62C1F67BA00DEFBEA /* adjv-native */,
			);
		};
/* End PBXProject section */

/* Begin PBXResourcesBuildPhase section */
		F13B6FF52C1F67BA00DEFBEA /* Resources */ = {
			isa = PBXResourcesBuildPhase;
			buildActionMask = 2147483647;
			files = (
				F13B70022C1F67BC00DEFBEA /* Preview Assets.xcassets in Resources */,
				F13B6FFF2C1F67BC00DEFBEA /* Assets.xcassets in Resources */,
			);
			runOnlyForDeploymentPostprocessing = 0;
		};
/* End PBXResourcesBuildPhase section */

/* Begin PBXSourcesBuildPhase section */
		F13B6FF32C1F67BA00DEFBEA /* Sources */ = {
			isa = PBXSourcesBuildPhase;
			buildActionMask = 2147483647;
			files = (
				F13B700F2C1FC0A900DEFBEA /* TextureGenerator.swift in Sources */,
				F13B70172C1FF4C000DEFBEA /* StreamView.swift in Sources */,
				F13B700A2C1F683E00DEFBEA /* NetworkListener.swift in Sources */,
				F13B6FFD2C1F67BA00DEFBEA /* ContentView.swift in Sources */,
				F13B6FFB2C1F67BA00DEFBEA /* adjv_nativeApp.swift in Sources */,
				F13B70152C1FF35D00DEFBEA /* StreamShader.metal in Sources */,
			);
			runOnlyForDeploymentPostprocessing = 0;
		};
/* End PBXSourcesBuildPhase section */

/* Begin XCBuildConfiguration section */
		F13B70032C1F67BC00DEFBEA /* Debug */ = {
			isa = XCBuildConfiguration;
			buildSettings = {
				ALWAYS_SEARCH_USER_PATHS = NO;
				ASSETCATALOG_COMPILER_GENERATE_SWIFT_ASSET_SYMBOL_EXTENSIONS = YES;
				CLANG_ANALYZER_NONNULL = YES;
				CLANG_ANALYZER_NUMBER_OBJECT_CONVERSION = YES_AGGRESSIVE;
				CLANG_CXX_LANGUAGE_STANDARD = "gnu++20";
				CLANG_ENABLE_MODULES = YES;
				CLANG_ENABLE_OBJC_ARC = YES;
				CLANG_ENABLE_OBJC_WEAK = YES;
				CLANG_WARN_BLOCK_CAPTURE_AUTORELEASING = YES;
				CLANG_WARN_BOOL_CONVERSION = YES;
				CLANG_WARN_COMMA = YES;
				CLANG_WARN_CONSTANT_CONVERSION = YES;
				CLANG_WARN_DEPRECATED_OBJC_IMPLEMENTATIONS = YES;
				CLANG_WARN_DIRECT_OBJC_ISA_USAGE = YES_ERROR;
				CLANG_WARN_DOCUMENTATION_COMMENTS = YES;
				CLANG_WARN_EMPTY_BODY = YES;
				CLANG_WARN_ENUM_CONVERSION = YES;
				CLANG_WARN_INFINITE_RECURSION = YES;
				CLANG_WARN_INT_CONVERSION = YES;
				CLANG_WARN_NON_LITERAL_NULL_CONVERSION = YES;
				CLANG_WARN_OBJC_IMPLICIT_RETAIN_SELF = YES;
				CLANG_WARN_OBJC_LITERAL_CONVERSION = YES;
				CLANG_WARN_OBJC_ROOT_CLASS = YES_ERROR;
				CLANG_WARN_QUOTED_INCLUDE_IN_FRAMEWORK_HEADER = YES;
				CLANG_WARN_RANGE_LOOP_ANALYSIS = YES;
				CLANG_WARN_STRICT_PROTOTYPES = YES;
				CLANG_WARN_SUSPICIOUS_MOVE = YES;
				CLANG_WARN_UNGUARDED_AVAILABILITY = YES_AGGRESSIVE;
				CLANG_WARN_UNREACHABLE_CODE = YES;
				CLANG_WARN__DUPLICATE_METHOD_MATCH = YES;
				COPY_PHASE_STRIP = NO;
				DEBUG_INFORMATION_FORMAT = dwarf;
				ENABLE_STRICT_OBJC_MSGSEND = YES;
				ENABLE_TESTABILITY = YES;
				ENABLE_USER_SCRIPT_SANDBOXING = YES;
				GCC_C_LANGUAGE_STANDARD = gnu17;
				GCC_DYNAMIC_NO_PIC = NO;
				GCC_NO_COMMON_BLOCKS = YES;
				GCC_OPTIMIZATION_LEVEL = 0;
				GCC_PREPROCESSOR_DEFINITIONS = (
					"DEBUG=1",
					"$(inherited)",
				);
				GCC_WARN_64_TO_32_BIT_CONVERSION = YES;
				GCC_WARN_ABOUT_RETURN_TYPE = YES_ERROR;
				GCC_WARN_UNDECLARED_SELECTOR = YES;
				GCC_WARN_UNINITIALIZED_AUTOS = YES_AGGRESSIVE;
				GCC_WARN_UNUSED_FUNCTION = YES;
				GCC_WARN_UNUSED_VARIABLE = YES;
				IPHONEOS_DEPLOYMENT_TARGET = 17.5;
				LOCALIZATION_PREFERS_STRING_CATALOGS = YES;
				MTL_ENABLE_DEBUG_INFO = INCLUDE_SOURCE;
				MTL_FAST_MATH = YES;
				ONLY_ACTIVE_ARCH = YES;
				SDKROOT = iphoneos;
				SWIFT_ACTIVE_COMPILATION_CONDITIONS = "DEBUG $(inherited)";
				SWIFT_OPTIMIZATION_LEVEL = "-Onone";
			};
			name = Debug;
		};
		F13B70042C1F67BC00DEFBEA /* Release */ = {
			isa = XCBuildConfiguration;
			buildSettings = {
				ALWAYS_SEARCH_USER_PATHS = NO;
				ASSETCATALOG_COMPILER_GENERATE_SWIFT_ASSET_SYMBOL_EXTENSIONS = YES;
				CLANG_ANALYZER_NONNULL = YES;
				CLANG_ANALYZER_NUMBER_OBJECT_CONVERSION = YES_AGGRESSIVE;
				CLANG_CXX_LANGUAGE_STANDARD = "gnu++20";
				CLANG_ENABLE_MODULES = YES;
				CLANG_ENABLE_OBJC_ARC = YES;
				CLANG_ENABLE_OBJC_WEAK = YES;
				CLANG_WARN_BLOCK_CAPTURE_AUTORELEASING = YES;
				CLANG_WARN_BOOL_CONVERSION = YES;
				CLANG_WARN_COMMA = YES;
				CLANG_WARN_CONSTANT_CONVERSION = YES;
				CLANG_WARN_DEPRECATED_OBJC_IMPLEMENTATIONS = YES;
				CLANG_WARN_DIRECT_OBJC_ISA_USAGE = YES_ERROR;
				CLANG_WARN_DOCUMENTATION_COMMENTS = YES;
				CLANG_WARN_EMPTY_BODY = YES;
				CLANG_WARN_ENUM_CONVERSION = YES;
				CLANG_WARN_INFINITE_RECURSION = YES;
				CLANG_WARN_INT_CONVERSION = YES;
				CLANG_WARN_NON_LITERAL_NULL_CONVERSION = YES;
				CLANG_WARN_OBJC_IMPLICIT_RETAIN_SELF = YES;
				CLANG_WARN_OBJC_LITERAL_CONVERSION = YES;
				CLANG_WARN_OBJC_ROOT_CLASS = YES_ERROR;
				CLANG_WARN_QUOTED_INCLUDE_IN_FRAMEWORK_HEADER = YES;
				CLANG_WARN_RANGE_LOOP_ANALYSIS = YES;
				CLANG_WARN_STRICT_PROTOTYPES = YES;
				CLANG_WARN_SUSPICIOUS_MOVE = YES;
				CLANG_WARN_UNGUARDED_AVAILABILITY = YES_AGGRESSIVE;
				CLANG_WARN_UNREACHABLE_CODE = YES;
				CLANG_WARN__DUPLICATE_METHOD_MATCH = YES;
				COPY_PHASE_STRIP = NO;
				DEBUG_INFORMATION_FORMAT = "dwarf-with-dsym";
				ENABLE_NS_ASSERTIONS = NO;
				ENABLE_STRICT_OBJC_MSGSEND = YES;
				ENABLE_USER_SCRIPT_SANDBOXING = YES;
				GCC_C_LANGUAGE_STANDARD = gnu17;
				GCC_NO_COMMON_BLOCKS = YES;
				GCC_WARN_64_TO_32_BIT_CONVERSION = YES;
				GCC_WARN_ABOUT_RETURN_TYPE = YES_ERROR;
				GCC_WARN_UNDECLARED_SELECTOR = YES;
				GCC_WARN_UNINITIALIZED_AUTOS = YES_AGGRESSIVE;
				GCC_WARN_UNUSED_FUNCTION = YES;
				GCC_WARN_UNUSED_VARIABLE = YES;
				IPHONEOS_DEPLOYMENT_TARGET = 17.5;
				LOCALIZATION_PREFERS_STRING_CATALOGS = YES;
				MTL_ENABLE_DEBUG_INFO = NO;
				MTL_FAST_MATH = YES;
				SDKROOT = iphoneos;
				SWIFT_COMPILATION_MODE = wholemodule;
				VALIDATE_PRODUCT = YES;
			};
			name = Release;
		};
		F13B70062C1F67BC00DEFBEA /* Debug */ = {
			isa = XCBuildConfiguration;
			buildSettings = {
				ASSETCATALOG_COMPILER_APPICON_NAME = AppIcon;
				ASSETCATALOG_COMPILER_GLOBAL_ACCENT_COLOR_NAME = AccentColor;
				CODE_SIGN_STYLE = Automatic;
				CURRENT_PROJECT_VERSION = 1;
				DEVELOPMENT_ASSET_PATHS = "\"adjv-native/Preview Content\"";
				DEVELOPMENT_TEAM = YB4ZN68TN8;
				ENABLE_PREVIEWS = YES;
				GENERATE_INFOPLIST_FILE = YES;
				INFOPLIST_KEY_UIApplicationSceneManifest_Generation = YES;
				INFOPLIST_KEY_UIApplicationSupportsIndirectInputEvents = YES;
				INFOPLIST_KEY_UILaunchScreen_Generation = YES;
				INFOPLIST_KEY_UISupportedInterfaceOrientations_iPad = "UIInterfaceOrientationPortrait UIInterfaceOrientationPortraitUpsideDown UIInterfaceOrientationLandscapeLeft UIInterfaceOrientationLandscapeRight";
				INFOPLIST_KEY_UISupportedInterfaceOrientations_iPhone = "UIInterfaceOrientationPortrait UIInterfaceOrientationLandscapeLeft UIInterfaceOrientationLandscapeRight";
				LD_RUNPATH_SEARCH_PATHS = (
					"$(inherited)",
					"@executable_path/Frameworks",
				);
				MARKETING_VERSION = 1.0;
				PRODUCT_BUNDLE_IDENTIFIER = "raybbian.adjv-native";
				PRODUCT_NAME = "$(TARGET_NAME)";
				SWIFT_EMIT_LOC_STRINGS = YES;
				SWIFT_VERSION = 5.0;
				TARGETED_DEVICE_FAMILY = "1,2";
			};
			name = Debug;
		};
		F13B70072C1F67BC00DEFBEA /* Release */ = {
			isa = XCBuildConfiguration;
			buildSettings = {
				ASSETCATALOG_COMPILER_APPICON_NAME = AppIcon;
				ASSETCATALOG_COMPILER_GLOBAL_ACCENT_COLOR_NAME = AccentColor;
				CODE_SIGN_STYLE = Automatic;
				CURRENT_PROJECT_VERSION = 1;
				DEVELOPMENT_ASSET_PATHS = "\"adjv-native/Preview Content\"";
				DEVELOPMENT_TEAM = YB4ZN68TN8;
				ENABLE_PREVIEWS = YES;
				GENERATE_INFOPLIST_FILE = YES;
				INFOPLIST_KEY_UIApplicationSceneManifest_Generation = YES;
				INFOPLIST_KEY_UIApplicationSupportsIndirectInputEvents = YES;
				INFOPLIST_KEY_UILaunchScreen_Generation = YES;
				INFOPLIST_KEY_UISupportedInterfaceOrientations_iPad = "UIInterfaceOrientationPortrait UIInterfaceOrientationPortraitUpsideDown UIInterfaceOrientationLandscapeLeft UIInterfaceOrientationLandscapeRight";
				INFOPLIST_KEY_UISupportedInterfaceOrientations_iPhone = "UIInterfaceOrientationPortrait UIInterfaceOrientationLandscapeLeft UIInterfaceOrientationLandscapeRight";
				LD_RUNPATH_SEARCH_PATHS = (
					"$(inherited)",
					"@executable_path/Frameworks",
				);
				MARKETING_VERSION = 1.0;
				PRODUCT_BUNDLE_IDENTIFIER = "raybbian.adjv-native";
				PRODUCT_NAME = "$(TARGET_NAME)";
				SWIFT_EMIT_LOC_STRINGS = YES;
				SWIFT_VERSION = 5.0;
				TARGETED_DEVICE_FAMILY = "1,2";
			};
			name = Release;
		};
/* End XCBuildConfiguration section */

/* Begin XCConfigurationList section */
		F13B6FF22C1F67BA00DEFBEA /* Build configuration list for PBXProject "adjv-native" */ = {
			isa = XCConfigurationList;
			buildConfigurations = (
				F13B70032C1F67BC00DEFBEA /* Debug */,
				F13B70042C1F67BC00DEFBEA /* Release */,
			);
			defaultConfigurationIsVisible = 0;
			defaultConfigurationName = Release;
		};
		F13B70052C1F67BC00DEFBEA /* Build configuration list for PBXNativeTarget "adjv-native" */ = {
			isa = XCConfigurationList;
			buildConfigurations = (
				F13B70062C1F67BC00DEFBEA /* Debug */,
				F13B70072C1F67BC00DEFBEA /* Release */,
			);
			defaultConfigurationIsVisible = 0;
			defaultConfigurationName = Release;
		};
/* End XCConfigurationList section */
	};
	rootObject = F13B6FEF2C1F67BA00DEFBEA /* Project object */;
}
